
Microsoft Visual Studio Solution File, Format Version 12.00
# Visual Studio 14
VisualStudioVersion = 14.0.25420.1
MinimumVisualStudioVersion = 10.0.40219.1
Project("{FAE04EC0-301F-11D3-BF4B-00C04F79EFBC}") = "Tuber", "Tuber\Tuber\Tuber.csproj", "{5B3CF737-6913-482D-BCCE-957D87F73566}"
EndProject
Project("{FAE04EC0-301F-11D3-BF4B-00C04F79EFBC}") = "Tuber.Droid", "Tuber\Tuber.Droid\Tuber.Droid.csproj", "{BF10A468-FF2A-4A32-9B68-3077E07CD334}"
EndProject
Project("{FAE04EC0-301F-11D3-BF4B-00C04F79EFBC}") = "Tuber.iOS", "Tuber\Tuber.iOS\Tuber.iOS.csproj", "{15A5CD78-F913-4183-ABC7-FDA302268100}"
EndProject
Project("{FAE04EC0-301F-11D3-BF4B-00C04F79EFBC}") = "Tuber.WinPhone", "Tuber\Tuber.WinPhone\Tuber.WinPhone.csproj", "{F4C10564-1140-4E0D-9890-CB5AC0BDF1B1}"
EndProject
Project("{FAE04EC0-301F-11D3-BF4B-00C04F79EFBC}") = "Tuber.Windows", "Tuber\Tuber.Windows\Tuber.Windows.csproj", "{37A2552D-A0DA-47E5-95A5-4F396360B52D}"
EndProject
Global
	GlobalSection(SolutionConfigurationPlatforms) = preSolution
		Ad-Hoc|Any CPU = Ad-Hoc|Any CPU
		Ad-Hoc|ARM = Ad-Hoc|ARM
		Ad-Hoc|iPhone = Ad-Hoc|iPhone
		Ad-Hoc|iPhoneSimulator = Ad-Hoc|iPhoneSimulator
		Ad-Hoc|x64 = Ad-Hoc|x64
		Ad-Hoc|x86 = Ad-Hoc|x86
		AppStore|Any CPU = AppStore|Any CPU
		AppStore|ARM = AppStore|ARM
		AppStore|iPhone = AppStore|iPhone
		AppStore|iPhoneSimulator = AppStore|iPhoneSimulator
		AppStore|x64 = AppStore|x64
		AppStore|x86 = AppStore|x86
		Debug|Any CPU = Debug|Any CPU
		Debug|ARM = Debug|ARM
		Debug|iPhone = Debug|iPhone
		Debug|iPhoneSimulator = Debug|iPhoneSimulator
		Debug|x64 = Debug|x64
		Debug|x86 = Debug|x86
		Release|Any CPU = Release|Any CPU
		Release|ARM = Release|ARM
		Release|iPhone = Release|iPhone
		Release|iPhoneSimulator = Release|iPhoneSimulator
		Release|x64 = Release|x64
		Release|x86 = Release|x86
	EndGlobalSection
	GlobalSection(ProjectConfigurationPlatforms) = postSolution
		{5B3CF737-6913-482D-BCCE-957D87F73566}.Ad-Hoc|Any CPU.ActiveCfg = Release|Any CPU
		{5B3CF737-6913-482D-BCCE-957D87F73566}.Ad-Hoc|Any CPU.Build.0 = Release|Any CPU
		{5B3CF737-6913-482D-BCCE-957D87F73566}.Ad-Hoc|ARM.ActiveCfg = Release|Any CPU
		{5B3CF737-6913-482D-BCCE-957D87F73566}.Ad-Hoc|ARM.Build.0 = Release|Any CPU
		{5B3CF737-6913-482D-BCCE-957D87F73566}.Ad-Hoc|iPhone.ActiveCfg = Release|Any CPU
		{5B3CF737-6913-482D-BCCE-957D87F73566}.Ad-Hoc|iPhone.Build.0 = Release|Any CPU
		{5B3CF737-6913-482D-BCCE-957D87F73566}.Ad-Hoc|iPhoneSimulator.ActiveCfg = Release|Any CPU
		{5B3CF737-6913-482D-BCCE-957D87F73566}.Ad-Hoc|iPhoneSimulator.Build.0 = Release|Any CPU
		{5B3CF737-6913-482D-BCCE-957D87F73566}.Ad-Hoc|x64.ActiveCfg = Release|Any CPU
		{5B3CF737-6913-482D-BCCE-957D87F73566}.Ad-Hoc|x64.Build.0 = Release|Any CPU
		{5B3CF737-6913-482D-BCCE-957D87F73566}.Ad-Hoc|x86.ActiveCfg = Release|Any CPU
		{5B3CF737-6913-482D-BCCE-957D87F73566}.Ad-Hoc|x86.Build.0 = Release|Any CPU
		{5B3CF737-6913-482D-BCCE-957D87F73566}.AppStore|Any CPU.ActiveCfg = Release|Any CPU
		{5B3CF737-6913-482D-BCCE-957D87F73566}.AppStore|Any CPU.Build.0 = Release|Any CPU
		{5B3CF737-6913-482D-BCCE-957D87F73566}.AppStore|ARM.ActiveCfg = Release|Any CPU
		{5B3CF737-6913-482D-BCCE-957D87F73566}.AppStore|ARM.Build.0 = Release|Any CPU
		{5B3CF737-6913-482D-BCCE-957D87F73566}.AppStore|iPhone.ActiveCfg = Release|Any CPU
		{5B3CF737-6913-482D-BCCE-957D87F73566}.AppStore|iPhone.Build.0 = Release|Any CPU
		{5B3CF737-6913-482D-BCCE-957D87F73566}.AppStore|iPhoneSimulator.ActiveCfg = Release|Any CPU
		{5B3CF737-6913-482D-BCCE-957D87F73566}.AppStore|iPhoneSimulator.Build.0 = Release|Any CPU
		{5B3CF737-6913-482D-BCCE-957D87F73566}.AppStore|x64.ActiveCfg = Release|Any CPU
		{5B3CF737-6913-482D-BCCE-957D87F73566}.AppStore|x64.Build.0 = Release|Any CPU
		{5B3CF737-6913-482D-BCCE-957D87F73566}.AppStore|x86.ActiveCfg = Release|Any CPU
		{5B3CF737-6913-482D-BCCE-957D87F73566}.AppStore|x86.Build.0 = Release|Any CPU
		{5B3CF737-6913-482D-BCCE-957D87F73566}.Debug|Any CPU.ActiveCfg = Debug|Any CPU
		{5B3CF737-6913-482D-BCCE-957D87F73566}.Debug|Any CPU.Build.0 = Debug|Any CPU
		{5B3CF737-6913-482D-BCCE-957D87F73566}.Debug|ARM.ActiveCfg = Debug|Any CPU
		{5B3CF737-6913-482D-BCCE-957D87F73566}.Debug|ARM.Build.0 = Debug|Any CPU
		{5B3CF737-6913-482D-BCCE-957D87F73566}.Debug|iPhone.ActiveCfg = Debug|Any CPU
		{5B3CF737-6913-482D-BCCE-957D87F73566}.Debug|iPhone.Build.0 = Debug|Any CPU
		{5B3CF737-6913-482D-BCCE-957D87F73566}.Debug|iPhoneSimulator.ActiveCfg = Debug|Any CPU
		{5B3CF737-6913-482D-BCCE-957D87F73566}.Debug|iPhoneSimulator.Build.0 = Debug|Any CPU
		{5B3CF737-6913-482D-BCCE-957D87F73566}.Debug|x64.ActiveCfg = Debug|Any CPU
		{5B3CF737-6913-482D-BCCE-957D87F73566}.Debug|x64.Build.0 = Debug|Any CPU
		{5B3CF737-6913-482D-BCCE-957D87F73566}.Debug|x86.ActiveCfg = Debug|Any CPU
		{5B3CF737-6913-482D-BCCE-957D87F73566}.Debug|x86.Build.0 = Debug|Any CPU
		{5B3CF737-6913-482D-BCCE-957D87F73566}.Release|Any CPU.ActiveCfg = Release|Any CPU
		{5B3CF737-6913-482D-BCCE-957D87F73566}.Release|Any CPU.Build.0 = Release|Any CPU
		{5B3CF737-6913-482D-BCCE-957D87F73566}.Release|ARM.ActiveCfg = Release|Any CPU
		{5B3CF737-6913-482D-BCCE-957D87F73566}.Release|ARM.Build.0 = Release|Any CPU
		{5B3CF737-6913-482D-BCCE-957D87F73566}.Release|iPhone.ActiveCfg = Release|Any CPU
		{5B3CF737-6913-482D-BCCE-957D87F73566}.Release|iPhone.Build.0 = Release|Any CPU
		{5B3CF737-6913-482D-BCCE-957D87F73566}.Release|iPhoneSimulator.ActiveCfg = Release|Any CPU
		{5B3CF737-6913-482D-BCCE-957D87F73566}.Release|iPhoneSimulator.Build.0 = Release|Any CPU
		{5B3CF737-6913-482D-BCCE-957D87F73566}.Release|x64.ActiveCfg = Release|Any CPU
		{5B3CF737-6913-482D-BCCE-957D87F73566}.Release|x64.Build.0 = Release|Any CPU
		{5B3CF737-6913-482D-BCCE-957D87F73566}.Release|x86.ActiveCfg = Release|Any CPU
		{5B3CF737-6913-482D-BCCE-957D87F73566}.Release|x86.Build.0 = Release|Any CPU
		{BF10A468-FF2A-4A32-9B68-3077E07CD334}.Ad-Hoc|Any CPU.ActiveCfg = Release|Any CPU
		{BF10A468-FF2A-4A32-9B68-3077E07CD334}.Ad-Hoc|Any CPU.Build.0 = Release|Any CPU
		{BF10A468-FF2A-4A32-9B68-3077E07CD334}.Ad-Hoc|Any CPU.Deploy.0 = Release|Any CPU
		{BF10A468-FF2A-4A32-9B68-3077E07CD334}.Ad-Hoc|ARM.ActiveCfg = Release|Any CPU
		{BF10A468-FF2A-4A32-9B68-3077E07CD334}.Ad-Hoc|ARM.Build.0 = Release|Any CPU
		{BF10A468-FF2A-4A32-9B68-3077E07CD334}.Ad-Hoc|ARM.Deploy.0 = Release|Any CPU
		{BF10A468-FF2A-4A32-9B68-3077E07CD334}.Ad-Hoc|iPhone.ActiveCfg = Release|Any CPU
		{BF10A468-FF2A-4A32-9B68-3077E07CD334}.Ad-Hoc|iPhone.Build.0 = Release|Any CPU
		{BF10A468-FF2A-4A32-9B68-3077E07CD334}.Ad-Hoc|iPhone.Deploy.0 = Release|Any CPU
		{BF10A468-FF2A-4A32-9B68-3077E07CD334}.Ad-Hoc|iPhoneSimulator.ActiveCfg = Release|Any CPU
		{BF10A468-FF2A-4A32-9B68-3077E07CD334}.Ad-Hoc|iPhoneSimulator.Build.0 = Release|Any CPU
		{BF10A468-FF2A-4A32-9B68-3077E07CD334}.Ad-Hoc|iPhoneSimulator.Deploy.0 = Release|Any CPU
		{BF10A468-FF2A-4A32-9B68-3077E07CD334}.Ad-Hoc|x64.ActiveCfg = Release|Any CPU
		{BF10A468-FF2A-4A32-9B68-3077E07CD334}.Ad-Hoc|x64.Build.0 = Release|Any CPU
		{BF10A468-FF2A-4A32-9B68-3077E07CD334}.Ad-Hoc|x64.Deploy.0 = Release|Any CPU
		{BF10A468-FF2A-4A32-9B68-3077E07CD334}.Ad-Hoc|x86.ActiveCfg = Release|Any CPU
		{BF10A468-FF2A-4A32-9B68-3077E07CD334}.Ad-Hoc|x86.Build.0 = Release|Any CPU
		{BF10A468-FF2A-4A32-9B68-3077E07CD334}.Ad-Hoc|x86.Deploy.0 = Release|Any CPU
		{BF10A468-FF2A-4A32-9B68-3077E07CD334}.AppStore|Any CPU.ActiveCfg = Release|Any CPU
		{BF10A468-FF2A-4A32-9B68-3077E07CD334}.AppStore|Any CPU.Build.0 = Release|Any CPU
		{BF10A468-FF2A-4A32-9B68-3077E07CD334}.AppStore|Any CPU.Deploy.0 = Release|Any CPU
		{BF10A468-FF2A-4A32-9B68-3077E07CD334}.AppStore|ARM.ActiveCfg = Release|Any CPU
		{BF10A468-FF2A-4A32-9B68-3077E07CD334}.AppStore|ARM.Build.0 = Release|Any CPU
		{BF10A468-FF2A-4A32-9B68-3077E07CD334}.AppStore|ARM.Deploy.0 = Release|Any CPU
		{BF10A468-FF2A-4A32-9B68-3077E07CD334}.AppStore|iPhone.ActiveCfg = Release|Any CPU
		{BF10A468-FF2A-4A32-9B68-3077E07CD334}.AppStore|iPhone.Build.0 = Release|Any CPU
		{BF10A468-FF2A-4A32-9B68-3077E07CD334}.AppStore|iPhone.Deploy.0 = Release|Any CPU
		{BF10A468-FF2A-4A32-9B68-3077E07CD334}.AppStore|iPhoneSimulator.ActiveCfg = Release|Any CPU
		{BF10A468-FF2A-4A32-9B68-3077E07CD334}.AppStore|iPhoneSimulator.Build.0 = Release|Any CPU
		{BF10A468-FF2A-4A32-9B68-3077E07CD334}.AppStore|iPhoneSimulator.Deploy.0 = Release|Any CPU
		{BF10A468-FF2A-4A32-9B68-3077E07CD334}.AppStore|x64.ActiveCfg = Release|Any CPU
		{BF10A468-FF2A-4A32-9B68-3077E07CD334}.AppStore|x64.Build.0 = Release|Any CPU
		{BF10A468-FF2A-4A32-9B68-3077E07CD334}.AppStore|x64.Deploy.0 = Release|Any CPU
		{BF10A468-FF2A-4A32-9B68-3077E07CD334}.AppStore|x86.ActiveCfg = Release|Any CPU
		{BF10A468-FF2A-4A32-9B68-3077E07CD334}.AppStore|x86.Build.0 = Release|Any CPU
		{BF10A468-FF2A-4A32-9B68-3077E07CD334}.AppStore|x86.Deploy.0 = Release|Any CPU
		{BF10A468-FF2A-4A32-9B68-3077E07CD334}.Debug|Any CPU.ActiveCfg = Debug|Any CPU
		{BF10A468-FF2A-4A32-9B68-3077E07CD334}.Debug|Any CPU.Build.0 = Debug|Any CPU
		{BF10A468-FF2A-4A32-9B68-3077E07CD334}.Debug|Any CPU.Deploy.0 = Debug|Any CPU
		{BF10A468-FF2A-4A32-9B68-3077E07CD334}.Debug|ARM.ActiveCfg = Debug|Any CPU
		{BF10A468-FF2A-4A32-9B68-3077E07CD334}.Debug|ARM.Build.0 = Debug|Any CPU
		{BF10A468-FF2A-4A32-9B68-3077E07CD334}.Debug|ARM.Deploy.0 = Debug|Any CPU
		{BF10A468-FF2A-4A32-9B68-3077E07CD334}.Debug|iPhone.ActiveCfg = Debug|Any CPU
		{BF10A468-FF2A-4A32-9B68-3077E07CD334}.Debug|iPhone.Build.0 = Debug|Any CPU
		{BF10A468-FF2A-4A32-9B68-3077E07CD334}.Debug|iPhone.Deploy.0 = Debug|Any CPU
		{BF10A468-FF2A-4A32-9B68-3077E07CD334}.Debug|iPhoneSimulator.ActiveCfg = Debug|Any CPU
		{BF10A468-FF2A-4A32-9B68-3077E07CD334}.Debug|iPhoneSimulator.Build.0 = Debug|Any CPU
		{BF10A468-FF2A-4A32-9B68-3077E07CD334}.Debug|iPhoneSimulator.Deploy.0 = Debug|Any CPU
		{BF10A468-FF2A-4A32-9B68-3077E07CD334}.Debug|x64.ActiveCfg = Debug|Any CPU
		{BF10A468-FF2A-4A32-9B68-3077E07CD334}.Debug|x64.Build.0 = Debug|Any CPU
		{BF10A468-FF2A-4A32-9B68-3077E07CD334}.Debug|x64.Deploy.0 = Debug|Any CPU
		{BF10A468-FF2A-4A32-9B68-3077E07CD334}.Debug|x86.ActiveCfg = Debug|Any CPU
		{BF10A468-FF2A-4A32-9B68-3077E07CD334}.Debug|x86.Build.0 = Debug|Any CPU
		{BF10A468-FF2A-4A32-9B68-3077E07CD334}.Debug|x86.Deploy.0 = Debug|Any CPU
		{BF10A468-FF2A-4A32-9B68-3077E07CD334}.Release|Any CPU.ActiveCfg = Release|Any CPU
		{BF10A468-FF2A-4A32-9B68-3077E07CD334}.Release|Any CPU.Build.0 = Release|Any CPU
		{BF10A468-FF2A-4A32-9B68-3077E07CD334}.Release|Any CPU.Deploy.0 = Release|Any CPU
		{BF10A468-FF2A-4A32-9B68-3077E07CD334}.Release|ARM.ActiveCfg = Release|Any CPU
		{BF10A468-FF2A-4A32-9B68-3077E07CD334}.Release|ARM.Build.0 = Release|Any CPU
		{BF10A468-FF2A-4A32-9B68-3077E07CD334}.Release|ARM.Deploy.0 = Release|Any CPU
		{BF10A468-FF2A-4A32-9B68-3077E07CD334}.Release|iPhone.ActiveCfg = Release|Any CPU
		{BF10A468-FF2A-4A32-9B68-3077E07CD334}.Release|iPhone.Build.0 = Release|Any CPU
		{BF10A468-FF2A-4A32-9B68-3077E07CD334}.Release|iPhone.Deploy.0 = Release|Any CPU
		{BF10A468-FF2A-4A32-9B68-3077E07CD334}.Release|iPhoneSimulator.ActiveCfg = Release|Any CPU
		{BF10A468-FF2A-4A32-9B68-3077E07CD334}.Release|iPhoneSimulator.Build.0 = Release|Any CPU
		{BF10A468-FF2A-4A32-9B68-3077E07CD334}.Release|iPhoneSimulator.Deploy.0 = Release|Any CPU
		{BF10A468-FF2A-4A32-9B68-3077E07CD334}.Release|x64.ActiveCfg = Release|Any CPU
		{BF10A468-FF2A-4A32-9B68-3077E07CD334}.Release|x64.Build.0 = Release|Any CPU
		{BF10A468-FF2A-4A32-9B68-3077E07CD334}.Release|x64.Deploy.0 = Release|Any CPU
		{BF10A468-FF2A-4A32-9B68-3077E07CD334}.Release|x86.ActiveCfg = Release|Any CPU
		{BF10A468-FF2A-4A32-9B68-3077E07CD334}.Release|x86.Build.0 = Release|Any CPU
		{BF10A468-FF2A-4A32-9B68-3077E07CD334}.Release|x86.Deploy.0 = Release|Any CPU
		{15A5CD78-F913-4183-ABC7-FDA302268100}.Ad-Hoc|Any CPU.ActiveCfg = Ad-Hoc|iPhone
		{15A5CD78-F913-4183-ABC7-FDA302268100}.Ad-Hoc|ARM.ActiveCfg = Ad-Hoc|iPhone
		{15A5CD78-F913-4183-ABC7-FDA302268100}.Ad-Hoc|iPhone.ActiveCfg = Ad-Hoc|iPhone
		{15A5CD78-F913-4183-ABC7-FDA302268100}.Ad-Hoc|iPhone.Build.0 = Ad-Hoc|iPhone
		{15A5CD78-F913-4183-ABC7-FDA302268100}.Ad-Hoc|iPhoneSimulator.ActiveCfg = Ad-Hoc|iPhoneSimulator
		{15A5CD78-F913-4183-ABC7-FDA302268100}.Ad-Hoc|iPhoneSimulator.Build.0 = Ad-Hoc|iPhoneSimulator
		{15A5CD78-F913-4183-ABC7-FDA302268100}.Ad-Hoc|x64.ActiveCfg = Ad-Hoc|iPhone
		{15A5CD78-F913-4183-ABC7-FDA302268100}.Ad-Hoc|x86.ActiveCfg = Ad-Hoc|iPhone
		{15A5CD78-F913-4183-ABC7-FDA302268100}.AppStore|Any CPU.ActiveCfg = AppStore|iPhone
		{15A5CD78-F913-4183-ABC7-FDA302268100}.AppStore|ARM.ActiveCfg = AppStore|iPhone
		{15A5CD78-F913-4183-ABC7-FDA302268100}.AppStore|iPhone.ActiveCfg = AppStore|iPhone
		{15A5CD78-F913-4183-ABC7-FDA302268100}.AppStore|iPhone.Build.0 = AppStore|iPhone
		{15A5CD78-F913-4183-ABC7-FDA302268100}.AppStore|iPhoneSimulator.ActiveCfg = AppStore|iPhoneSimulator
		{15A5CD78-F913-4183-ABC7-FDA302268100}.AppStore|iPhoneSimulator.Build.0 = AppStore|iPhoneSimulator
		{15A5CD78-F913-4183-ABC7-FDA302268100}.AppStore|x64.ActiveCfg = AppStore|iPhone
		{15A5CD78-F913-4183-ABC7-FDA302268100}.AppStore|x86.ActiveCfg = AppStore|iPhone
		{15A5CD78-F913-4183-ABC7-FDA302268100}.Debug|Any CPU.ActiveCfg = Debug|iPhone
		{15A5CD78-F913-4183-ABC7-FDA302268100}.Debug|ARM.ActiveCfg = Debug|iPhone
		{15A5CD78-F913-4183-ABC7-FDA302268100}.Debug|iPhone.ActiveCfg = Debug|iPhone
		{15A5CD78-F913-4183-ABC7-FDA302268100}.Debug|iPhone.Build.0 = Debug|iPhone
		{15A5CD78-F913-4183-ABC7-FDA302268100}.Debug|iPhoneSimulator.ActiveCfg = Debug|iPhoneSimulator
		{15A5CD78-F913-4183-ABC7-FDA302268100}.Debug|iPhoneSimulator.Build.0 = Debug|iPhoneSimulator
		{15A5CD78-F913-4183-ABC7-FDA302268100}.Debug|x64.ActiveCfg = Debug|iPhone
		{15A5CD78-F913-4183-ABC7-FDA302268100}.Debug|x86.ActiveCfg = Debug|iPhone
		{15A5CD78-F913-4183-ABC7-FDA302268100}.Release|Any CPU.ActiveCfg = Release|iPhone
		{15A5CD78-F913-4183-ABC7-FDA302268100}.Release|ARM.ActiveCfg = Release|iPhone
		{15A5CD78-F913-4183-ABC7-FDA302268100}.Release|iPhone.ActiveCfg = Release|iPhone
		{15A5CD78-F913-4183-ABC7-FDA302268100}.Release|iPhone.Build.0 = Release|iPhone
		{15A5CD78-F913-4183-ABC7-FDA302268100}.Release|iPhoneSimulator.ActiveCfg = Release|iPhoneSimulator
		{15A5CD78-F913-4183-ABC7-FDA302268100}.Release|iPhoneSimulator.Build.0 = Release|iPhoneSimulator
		{15A5CD78-F913-4183-ABC7-FDA302268100}.Release|x64.ActiveCfg = Release|iPhone
		{15A5CD78-F913-4183-ABC7-FDA302268100}.Release|x86.ActiveCfg = Release|iPhone
		{F4C10564-1140-4E0D-9890-CB5AC0BDF1B1}.Ad-Hoc|Any CPU.ActiveCfg = Release|Any CPU
		{F4C10564-1140-4E0D-9890-CB5AC0BDF1B1}.Ad-Hoc|Any CPU.Build.0 = Release|Any CPU
		{F4C10564-1140-4E0D-9890-CB5AC0BDF1B1}.Ad-Hoc|Any CPU.Deploy.0 = Release|Any CPU
		{F4C10564-1140-4E0D-9890-CB5AC0BDF1B1}.Ad-Hoc|ARM.ActiveCfg = Release|ARM
		{F4C10564-1140-4E0D-9890-CB5AC0BDF1B1}.Ad-Hoc|ARM.Build.0 = Release|ARM
		{F4C10564-1140-4E0D-9890-CB5AC0BDF1B1}.Ad-Hoc|ARM.Deploy.0 = Release|ARM
		{F4C10564-1140-4E0D-9890-CB5AC0BDF1B1}.Ad-Hoc|iPhone.ActiveCfg = Release|Any CPU
		{F4C10564-1140-4E0D-9890-CB5AC0BDF1B1}.Ad-Hoc|iPhone.Build.0 = Release|Any CPU
		{F4C10564-1140-4E0D-9890-CB5AC0BDF1B1}.Ad-Hoc|iPhone.Deploy.0 = Release|Any CPU
		{F4C10564-1140-4E0D-9890-CB5AC0BDF1B1}.Ad-Hoc|iPhoneSimulator.ActiveCfg = Release|Any CPU
		{F4C10564-1140-4E0D-9890-CB5AC0BDF1B1}.Ad-Hoc|iPhoneSimulator.Build.0 = Release|Any CPU
		{F4C10564-1140-4E0D-9890-CB5AC0BDF1B1}.Ad-Hoc|iPhoneSimulator.Deploy.0 = Release|Any CPU
		{F4C10564-1140-4E0D-9890-CB5AC0BDF1B1}.Ad-Hoc|x64.ActiveCfg = Release|Any CPU
		{F4C10564-1140-4E0D-9890-CB5AC0BDF1B1}.Ad-Hoc|x64.Build.0 = Release|Any CPU
		{F4C10564-1140-4E0D-9890-CB5AC0BDF1B1}.Ad-Hoc|x64.Deploy.0 = Release|Any CPU
		{F4C10564-1140-4E0D-9890-CB5AC0BDF1B1}.Ad-Hoc|x86.ActiveCfg = Release|x86
		{F4C10564-1140-4E0D-9890-CB5AC0BDF1B1}.Ad-Hoc|x86.Build.0 = Release|x86
		{F4C10564-1140-4E0D-9890-CB5AC0BDF1B1}.Ad-Hoc|x86.Deploy.0 = Release|x86
		{F4C10564-1140-4E0D-9890-CB5AC0BDF1B1}.AppStore|Any CPU.ActiveCfg = Release|Any CPU
		{F4C10564-1140-4E0D-9890-CB5AC0BDF1B1}.AppStore|Any CPU.Build.0 = Release|Any CPU
		{F4C10564-1140-4E0D-9890-CB5AC0BDF1B1}.AppStore|Any CPU.Deploy.0 = Release|Any CPU
		{F4C10564-1140-4E0D-9890-CB5AC0BDF1B1}.AppStore|ARM.ActiveCfg = Release|ARM
		{F4C10564-1140-4E0D-9890-CB5AC0BDF1B1}.AppStore|ARM.Build.0 = Release|ARM
		{F4C10564-1140-4E0D-9890-CB5AC0BDF1B1}.AppStore|ARM.Deploy.0 = Release|ARM
		{F4C10564-1140-4E0D-9890-CB5AC0BDF1B1}.AppStore|iPhone.ActiveCfg = Release|Any CPU
		{F4C10564-1140-4E0D-9890-CB5AC0BDF1B1}.AppStore|iPhone.Build.0 = Release|Any CPU
		{F4C10564-1140-4E0D-9890-CB5AC0BDF1B1}.AppStore|iPhone.Deploy.0 = Release|Any CPU
		{F4C10564-1140-4E0D-9890-CB5AC0BDF1B1}.AppStore|iPhoneSimulator.ActiveCfg = Release|Any CPU
		{F4C10564-1140-4E0D-9890-CB5AC0BDF1B1}.AppStore|iPhoneSimulator.Build.0 = Release|Any CPU
		{F4C10564-1140-4E0D-9890-CB5AC0BDF1B1}.AppStore|iPhoneSimulator.Deploy.0 = Release|Any CPU
		{F4C10564-1140-4E0D-9890-CB5AC0BDF1B1}.AppStore|x64.ActiveCfg = Release|Any CPU
		{F4C10564-1140-4E0D-9890-CB5AC0BDF1B1}.AppStore|x64.Build.0 = Release|Any CPU
		{F4C10564-1140-4E0D-9890-CB5AC0BDF1B1}.AppStore|x64.Deploy.0 = Release|Any CPU
		{F4C10564-1140-4E0D-9890-CB5AC0BDF1B1}.AppStore|x86.ActiveCfg = Release|x86
		{F4C10564-1140-4E0D-9890-CB5AC0BDF1B1}.AppStore|x86.Build.0 = Release|x86
		{F4C10564-1140-4E0D-9890-CB5AC0BDF1B1}.AppStore|x86.Deploy.0 = Release|x86
		{F4C10564-1140-4E0D-9890-CB5AC0BDF1B1}.Debug|Any CPU.ActiveCfg = Debug|Any CPU
		{F4C10564-1140-4E0D-9890-CB5AC0BDF1B1}.Debug|Any CPU.Build.0 = Debug|Any CPU
		{F4C10564-1140-4E0D-9890-CB5AC0BDF1B1}.Debug|Any CPU.Deploy.0 = Debug|Any CPU
		{F4C10564-1140-4E0D-9890-CB5AC0BDF1B1}.Debug|ARM.ActiveCfg = Debug|ARM
		{F4C10564-1140-4E0D-9890-CB5AC0BDF1B1}.Debug|ARM.Build.0 = Debug|ARM
		{F4C10564-1140-4E0D-9890-CB5AC0BDF1B1}.Debug|ARM.Deploy.0 = Debug|ARM
		{F4C10564-1140-4E0D-9890-CB5AC0BDF1B1}.Debug|iPhone.ActiveCfg = Debug|Any CPU
		{F4C10564-1140-4E0D-9890-CB5AC0BDF1B1}.Debug|iPhone.Build.0 = Debug|Any CPU
		{F4C10564-1140-4E0D-9890-CB5AC0BDF1B1}.Debug|iPhone.Deploy.0 = Debug|Any CPU
		{F4C10564-1140-4E0D-9890-CB5AC0BDF1B1}.Debug|iPhoneSimulator.ActiveCfg = Debug|Any CPU
		{F4C10564-1140-4E0D-9890-CB5AC0BDF1B1}.Debug|iPhoneSimulator.Build.0 = Debug|Any CPU
		{F4C10564-1140-4E0D-9890-CB5AC0BDF1B1}.Debug|iPhoneSimulator.Deploy.0 = Debug|Any CPU
		{F4C10564-1140-4E0D-9890-CB5AC0BDF1B1}.Debug|x64.ActiveCfg = Debug|Any CPU
		{F4C10564-1140-4E0D-9890-CB5AC0BDF1B1}.Debug|x64.Build.0 = Debug|Any CPU
		{F4C10564-1140-4E0D-9890-CB5AC0BDF1B1}.Debug|x64.Deploy.0 = Debug|Any CPU
		{F4C10564-1140-4E0D-9890-CB5AC0BDF1B1}.Debug|x86.ActiveCfg = Debug|x86
		{F4C10564-1140-4E0D-9890-CB5AC0BDF1B1}.Debug|x86.Build.0 = Debug|x86
		{F4C10564-1140-4E0D-9890-CB5AC0BDF1B1}.Debug|x86.Deploy.0 = Debug|x86
		{F4C10564-1140-4E0D-9890-CB5AC0BDF1B1}.Release|Any CPU.ActiveCfg = Release|Any CPU
		{F4C10564-1140-4E0D-9890-CB5AC0BDF1B1}.Release|Any CPU.Build.0 = Release|Any CPU
		{F4C10564-1140-4E0D-9890-CB5AC0BDF1B1}.Release|Any CPU.Deploy.0 = Release|Any CPU
		{F4C10564-1140-4E0D-9890-CB5AC0BDF1B1}.Release|ARM.ActiveCfg = Release|ARM
		{F4C10564-1140-4E0D-9890-CB5AC0BDF1B1}.Release|ARM.Build.0 = Release|ARM
		{F4C10564-1140-4E0D-9890-CB5AC0BDF1B1}.Release|ARM.Deploy.0 = Release|ARM
		{F4C10564-1140-4E0D-9890-CB5AC0BDF1B1}.Release|iPhone.ActiveCfg = Release|Any CPU
		{F4C10564-1140-4E0D-9890-CB5AC0BDF1B1}.Release|iPhone.Build.0 = Release|Any CPU
		{F4C10564-1140-4E0D-9890-CB5AC0BDF1B1}.Release|iPhone.Deploy.0 = Release|Any CPU
		{F4C10564-1140-4E0D-9890-CB5AC0BDF1B1}.Release|iPhoneSimulator.ActiveCfg = Release|Any CPU
		{F4C10564-1140-4E0D-9890-CB5AC0BDF1B1}.Release|iPhoneSimulator.Build.0 = Release|Any CPU
		{F4C10564-1140-4E0D-9890-CB5AC0BDF1B1}.Release|iPhoneSimulator.Deploy.0 = Release|Any CPU
		{F4C10564-1140-4E0D-9890-CB5AC0BDF1B1}.Release|x64.ActiveCfg = Release|Any CPU
		{F4C10564-1140-4E0D-9890-CB5AC0BDF1B1}.Release|x64.Build.0 = Release|Any CPU
		{F4C10564-1140-4E0D-9890-CB5AC0BDF1B1}.Release|x64.Deploy.0 = Release|Any CPU
		{F4C10564-1140-4E0D-9890-CB5AC0BDF1B1}.Release|x86.ActiveCfg = Release|x86
		{F4C10564-1140-4E0D-9890-CB5AC0BDF1B1}.Release|x86.Build.0 = Release|x86
		{F4C10564-1140-4E0D-9890-CB5AC0BDF1B1}.Release|x86.Deploy.0 = Release|x86
		{37A2552D-A0DA-47E5-95A5-4F396360B52D}.Ad-Hoc|Any CPU.ActiveCfg = Release|Any CPU
		{37A2552D-A0DA-47E5-95A5-4F396360B52D}.Ad-Hoc|Any CPU.Build.0 = Release|Any CPU
		{37A2552D-A0DA-47E5-95A5-4F396360B52D}.Ad-Hoc|Any CPU.Deploy.0 = Release|Any CPU
		{37A2552D-A0DA-47E5-95A5-4F396360B52D}.Ad-Hoc|ARM.ActiveCfg = Release|ARM
		{37A2552D-A0DA-47E5-95A5-4F396360B52D}.Ad-Hoc|ARM.Build.0 = Release|ARM
		{37A2552D-A0DA-47E5-95A5-4F396360B52D}.Ad-Hoc|ARM.Deploy.0 = Release|ARM
		{37A2552D-A0DA-47E5-95A5-4F396360B52D}.Ad-Hoc|iPhone.ActiveCfg = Release|Any CPU
		{37A2552D-A0DA-47E5-95A5-4F396360B52D}.Ad-Hoc|iPhone.Build.0 = Release|Any CPU
		{37A2552D-A0DA-47E5-95A5-4F396360B52D}.Ad-Hoc|iPhone.Deploy.0 = Release|Any CPU
		{37A2552D-A0DA-47E5-95A5-4F396360B52D}.Ad-Hoc|iPhoneSimulator.ActiveCfg = Release|Any CPU
		{37A2552D-A0DA-47E5-95A5-4F396360B52D}.Ad-Hoc|iPhoneSimulator.Build.0 = Release|Any CPU
		{37A2552D-A0DA-47E5-95A5-4F396360B52D}.Ad-Hoc|iPhoneSimulator.Deploy.0 = Release|Any CPU
		{37A2552D-A0DA-47E5-95A5-4F396360B52D}.Ad-Hoc|x64.ActiveCfg = Release|x64
		{37A2552D-A0DA-47E5-95A5-4F396360B52D}.Ad-Hoc|x64.Build.0 = Release|x64
		{37A2552D-A0DA-47E5-95A5-4F396360B52D}.Ad-Hoc|x64.Deploy.0 = Release|x64
		{37A2552D-A0DA-47E5-95A5-4F396360B52D}.Ad-Hoc|x86.ActiveCfg = Release|x86
		{37A2552D-A0DA-47E5-95A5-4F396360B52D}.Ad-Hoc|x86.Build.0 = Release|x86
		{37A2552D-A0DA-47E5-95A5-4F396360B52D}.Ad-Hoc|x86.Deploy.0 = Release|x86
		{37A2552D-A0DA-47E5-95A5-4F396360B52D}.AppStore|Any CPU.ActiveCfg = Release|Any CPU
		{37A2552D-A0DA-47E5-95A5-4F396360B52D}.AppStore|Any CPU.Build.0 = Release|Any CPU
		{37A2552D-A0DA-47E5-95A5-4F396360B52D}.AppStore|Any CPU.Deploy.0 = Release|Any CPU
		{37A2552D-A0DA-47E5-95A5-4F396360B52D}.AppStore|ARM.ActiveCfg = Release|ARM
		{37A2552D-A0DA-47E5-95A5-4F396360B52D}.AppStore|ARM.Build.0 = Release|ARM
		{37A2552D-A0DA-47E5-95A5-4F396360B52D}.AppStore|ARM.Deploy.0 = Release|ARM
		{37A2552D-A0DA-47E5-95A5-4F396360B52D}.AppStore|iPhone.ActiveCfg = Release|Any CPU
		{37A2552D-A0DA-47E5-95A5-4F396360B52D}.AppStore|iPhone.Build.0 = Release|Any CPU
		{37A2552D-A0DA-47E5-95A5-4F396360B52D}.AppStore|iPhone.Deploy.0 = Release|Any CPU
		{37A2552D-A0DA-47E5-95A5-4F396360B52D}.AppStore|iPhoneSimulator.ActiveCfg = Release|Any CPU
		{37A2552D-A0DA-47E5-95A5-4F396360B52D}.AppStore|iPhoneSimulator.Build.0 = Release|Any CPU
		{37A2552D-A0DA-47E5-95A5-4F396360B52D}.AppStore|iPhoneSimulator.Deploy.0 = Release|Any CPU
		{37A2552D-A0DA-47E5-95A5-4F396360B52D}.AppStore|x64.ActiveCfg = Release|x64
		{37A2552D-A0DA-47E5-95A5-4F396360B52D}.AppStore|x64.Build.0 = Release|x64
		{37A2552D-A0DA-47E5-95A5-4F396360B52D}.AppStore|x64.Deploy.0 = Release|x64
		{37A2552D-A0DA-47E5-95A5-4F396360B52D}.AppStore|x86.ActiveCfg = Release|x86
		{37A2552D-A0DA-47E5-95A5-4F396360B52D}.AppStore|x86.Build.0 = Release|x86
		{37A2552D-A0DA-47E5-95A5-4F396360B52D}.AppStore|x86.Deploy.0 = Release|x86
		{37A2552D-A0DA-47E5-95A5-4F396360B52D}.Debug|Any CPU.ActiveCfg = Debug|Any CPU
		{37A2552D-A0DA-47E5-95A5-4F396360B52D}.Debug|Any CPU.Build.0 = Debug|Any CPU
		{37A2552D-A0DA-47E5-95A5-4F396360B52D}.Debug|Any CPU.Deploy.0 = Debug|Any CPU
		{37A2552D-A0DA-47E5-95A5-4F396360B52D}.Debug|ARM.ActiveCfg = Debug|ARM
		{37A2552D-A0DA-47E5-95A5-4F396360B52D}.Debug|ARM.Build.0 = Debug|ARM
		{37A2552D-A0DA-47E5-95A5-4F396360B52D}.Debug|ARM.Deploy.0 = Debug|ARM
		{37A2552D-A0DA-47E5-95A5-4F396360B52D}.Debug|iPhone.ActiveCfg = Debug|Any CPU
		{37A2552D-A0DA-47E5-95A5-4F396360B52D}.Debug|iPhone.Build.0 = Debug|Any CPU
		{37A2552D-A0DA-47E5-95A5-4F396360B52D}.Debug|iPhone.Deploy.0 = Debug|Any CPU
		{37A2552D-A0DA-47E5-95A5-4F396360B52D}.Debug|iPhoneSimulator.ActiveCfg = Debug|Any CPU
		{37A2552D-A0DA-47E5-95A5-4F396360B52D}.Debug|iPhoneSimulator.Build.0 = Debug|Any CPU
		{37A2552D-A0DA-47E5-95A5-4F396360B52D}.Debug|iPhoneSimulator.Deploy.0 = Debug|Any CPU
		{37A2552D-A0DA-47E5-95A5-4F396360B52D}.Debug|x64.ActiveCfg = Debug|x64
		{37A2552D-A0DA-47E5-95A5-4F396360B52D}.Debug|x64.Build.0 = Debug|x64
		{37A2552D-A0DA-47E5-95A5-4F396360B52D}.Debug|x64.Deploy.0 = Debug|x64
		{37A2552D-A0DA-47E5-95A5-4F396360B52D}.Debug|x86.ActiveCfg = Debug|x86
		{37A2552D-A0DA-47E5-95A5-4F396360B52D}.Debug|x86.Build.0 = Debug|x86
		{37A2552D-A0DA-47E5-95A5-4F396360B52D}.Debug|x86.Deploy.0 = Debug|x86
		{37A2552D-A0DA-47E5-95A5-4F396360B52D}.Release|Any CPU.ActiveCfg = Release|Any CPU
		{37A2552D-A0DA-47E5-95A5-4F396360B52D}.Release|Any CPU.Build.0 = Release|Any CPU
		{37A2552D-A0DA-47E5-95A5-4F396360B52D}.Release|Any CPU.Deploy.0 = Release|Any CPU
		{37A2552D-A0DA-47E5-95A5-4F396360B52D}.Release|ARM.ActiveCfg = Release|ARM
		{37A2552D-A0DA-47E5-95A5-4F396360B52D}.Release|ARM.Build.0 = Release|ARM
		{37A2552D-A0DA-47E5-95A5-4F396360B52D}.Release|ARM.Deploy.0 = Release|ARM
		{37A2552D-A0DA-47E5-95A5-4F396360B52D}.Release|iPhone.ActiveCfg = Release|Any CPU
		{37A2552D-A0DA-47E5-95A5-4F396360B52D}.Release|iPhone.Build.0 = Release|Any CPU
		{37A2552D-A0DA-47E5-95A5-4F396360B52D}.Release|iPhone.Deploy.0 = Release|Any CPU
		{37A2552D-A0DA-47E5-95A5-4F396360B52D}.Release|iPhoneSimulator.ActiveCfg = Release|Any CPU
		{37A2552D-A0DA-47E5-95A5-4F396360B52D}.Release|iPhoneSimulator.Build.0 = Release|Any CPU
		{37A2552D-A0DA-47E5-95A5-4F396360B52D}.Release|iPhoneSimulator.Deploy.0 = Release|Any CPU
		{37A2552D-A0DA-47E5-95A5-4F396360B52D}.Release|x64.ActiveCfg = Release|x64
		{37A2552D-A0DA-47E5-95A5-4F396360B52D}.Release|x64.Build.0 = Release|x64
		{37A2552D-A0DA-47E5-95A5-4F396360B52D}.Release|x64.Deploy.0 = Release|x64
		{37A2552D-A0DA-47E5-95A5-4F396360B52D}.Release|x86.ActiveCfg = Release|x86
		{37A2552D-A0DA-47E5-95A5-4F396360B52D}.Release|x86.Build.0 = Release|x86
		{37A2552D-A0DA-47E5-95A5-4F396360B52D}.Release|x86.Deploy.0 = Release|x86
	EndGlobalSection
	GlobalSection(SolutionProperties) = preSolution
		HideSolutionNode = FALSE
	EndGlobalSection
EndGlobal
